// !$*UTF8*$!
{
	archiveVersion = 1;
	classes = {
	};
	objectVersion = 56;
	objects = {

/* Begin PBXBuildFile section */
		952E457A2BDD842400EA7485 /* Reel_TalkApp.swift in Sources */ = {isa = PBXBuildFile; fileRef = 952E45792BDD842400EA7485 /* Reel_TalkApp.swift */; };
		952E457C2BDD842400EA7485 /* ContentView.swift in Sources */ = {isa = PBXBuildFile; fileRef = 952E457B2BDD842400EA7485 /* ContentView.swift */; };
		952E457E2BDD842400EA7485 /* Item.swift in Sources */ = {isa = PBXBuildFile; fileRef = 952E457D2BDD842400EA7485 /* Item.swift */; };
		952E45802BDD842600EA7485 /* Assets.xcassets in Resources */ = {isa = PBXBuildFile; fileRef = 952E457F2BDD842600EA7485 /* Assets.xcassets */; };
		952E45832BDD842600EA7485 /* Preview Assets.xcassets in Resources */ = {isa = PBXBuildFile; fileRef = 952E45822BDD842600EA7485 /* Preview Assets.xcassets */; };
		952E45952BDD84D700EA7485 /* ThemeFont.swift in Sources */ = {isa = PBXBuildFile; fileRef = 952E45942BDD84D700EA7485 /* ThemeFont.swift */; };
		952E45972BDD84E000EA7485 /* ThemeColor.swift in Sources */ = {isa = PBXBuildFile; fileRef = 952E45962BDD84E000EA7485 /* ThemeColor.swift */; };
		952E45992BDD877400EA7485 /* Color+Extension.swift in Sources */ = {isa = PBXBuildFile; fileRef = 952E45982BDD877300EA7485 /* Color+Extension.swift */; };
		952E459B2BDD8AAD00EA7485 /* Launch Screen.storyboard in Resources */ = {isa = PBXBuildFile; fileRef = 952E459A2BDD8AAD00EA7485 /* Launch Screen.storyboard */; };
		952E459E2BDE7B6A00EA7485 /* MovieTvCell.swift in Sources */ = {isa = PBXBuildFile; fileRef = 952E459D2BDE7B6A00EA7485 /* MovieTvCell.swift */; };
		952E45A72BDE90CE00EA7485 /* MoviesTVShowGridView.swift in Sources */ = {isa = PBXBuildFile; fileRef = 952E45A62BDE90CE00EA7485 /* MoviesTVShowGridView.swift */; };
		952E45AA2BDE93BE00EA7485 /* MoviesViewModel.swift in Sources */ = {isa = PBXBuildFile; fileRef = 952E45A92BDE93BE00EA7485 /* MoviesViewModel.swift */; };
		952E45AE2BDE9FD600EA7485 /* WelcomeViewCell.swift in Sources */ = {isa = PBXBuildFile; fileRef = 952E45AD2BDE9FD600EA7485 /* WelcomeViewCell.swift */; };
		952E45B02BDEA18900EA7485 /* OnboardingView.swift in Sources */ = {isa = PBXBuildFile; fileRef = 952E45AF2BDEA18900EA7485 /* OnboardingView.swift */; };
		952E45B32BDEA26700EA7485 /* WelcomeModel.swift in Sources */ = {isa = PBXBuildFile; fileRef = 952E45B22BDEA26700EA7485 /* WelcomeModel.swift */; };
		952E45B92BDEA96100EA7485 /* ProgressView.swift in Sources */ = {isa = PBXBuildFile; fileRef = 952E45B82BDEA96100EA7485 /* ProgressView.swift */; };
		952E45BB2BDEA9C100EA7485 /* ProgressViewModel.swift in Sources */ = {isa = PBXBuildFile; fileRef = 952E45BA2BDEA9C100EA7485 /* ProgressViewModel.swift */; };
		952E45BF2BDEAAFA00EA7485 /* GenreGrid.swift in Sources */ = {isa = PBXBuildFile; fileRef = 952E45BE2BDEAAFA00EA7485 /* GenreGrid.swift */; };
		952E45C12BDEABE500EA7485 /* GenreView.swift in Sources */ = {isa = PBXBuildFile; fileRef = 952E45C02BDEABE500EA7485 /* GenreView.swift */; };
		952E45C32BDEAC2100EA7485 /* GenreSelectionViewModel.swift in Sources */ = {isa = PBXBuildFile; fileRef = 952E45C22BDEAC2100EA7485 /* GenreSelectionViewModel.swift */; };
		952E45C52BDFE16100EA7485 /* MovieSelection.swift in Sources */ = {isa = PBXBuildFile; fileRef = 952E45C42BDFE16100EA7485 /* MovieSelection.swift */; };
		952E45C82BDFE23E00EA7485 /* TVSelection.swift in Sources */ = {isa = PBXBuildFile; fileRef = 952E45C72BDFE23E00EA7485 /* TVSelection.swift */; };
		952E45CB2BDFF30500EA7485 /* CustomBackButton.swift in Sources */ = {isa = PBXBuildFile; fileRef = 952E45CA2BDFF30500EA7485 /* CustomBackButton.swift */; };
		952E45D12BDFF81000EA7485 /* GuidelineAgreementView.swift in Sources */ = {isa = PBXBuildFile; fileRef = 952E45D02BDFF81000EA7485 /* GuidelineAgreementView.swift */; };
		952E45D52BE0523E00EA7485 /* MovieDTO.swift in Sources */ = {isa = PBXBuildFile; fileRef = 952E45D42BE0523D00EA7485 /* MovieDTO.swift */; };
		952E45DA2BE05A4300EA7485 /* HTTPClientType.swift in Sources */ = {isa = PBXBuildFile; fileRef = 952E45D92BE05A4200EA7485 /* HTTPClientType.swift */; };
		952E45DC2BE05A9000EA7485 /* HTTPClient.swift in Sources */ = {isa = PBXBuildFile; fileRef = 952E45DB2BE05A9000EA7485 /* HTTPClient.swift */; };
		952E45DF2BE05B9400EA7485 /* HTTPClientError.swift in Sources */ = {isa = PBXBuildFile; fileRef = 952E45DE2BE05B9400EA7485 /* HTTPClientError.swift */; };
		952E45E22BE05DA500EA7485 /* Movie.swift in Sources */ = {isa = PBXBuildFile; fileRef = 952E45E12BE05DA500EA7485 /* Movie.swift */; };
		952E45E72BE0647500EA7485 /* MovieDataSourceType.swift in Sources */ = {isa = PBXBuildFile; fileRef = 952E45E62BE0647400EA7485 /* MovieDataSourceType.swift */; };
		952E45E92BE0649A00EA7485 /* MovieDataSource.swift in Sources */ = {isa = PBXBuildFile; fileRef = 952E45E82BE0649A00EA7485 /* MovieDataSource.swift */; };
		952E45EC2BE0805700EA7485 /* Kingfisher in Frameworks */ = {isa = PBXBuildFile; productRef = 952E45EB2BE0805700EA7485 /* Kingfisher */; };
		952E45EF2BE0976D00EA7485 /* SelectedItems.swift in Sources */ = {isa = PBXBuildFile; fileRef = 952E45EE2BE0976D00EA7485 /* SelectedItems.swift */; };
		952E45F12BE127C900EA7485 /* TVViewModel.swift in Sources */ = {isa = PBXBuildFile; fileRef = 952E45F02BE127C800EA7485 /* TVViewModel.swift */; };
		952E45F52BE12EAA00EA7485 /* SelectedItemsViewModel.swift in Sources */ = {isa = PBXBuildFile; fileRef = 952E45F42BE12EA900EA7485 /* SelectedItemsViewModel.swift */; };
		952E45F72BE15AF000EA7485 /* Movie+Extension.swift in Sources */ = {isa = PBXBuildFile; fileRef = 952E45F62BE15AEF00EA7485 /* Movie+Extension.swift */; };
/* End PBXBuildFile section */

/* Begin PBXFileReference section */
		952E45762BDD842400EA7485 /* Reel Talk.app */ = {isa = PBXFileReference; explicitFileType = wrapper.application; includeInIndex = 0; path = "Reel Talk.app"; sourceTree = BUILT_PRODUCTS_DIR; };
		952E45792BDD842400EA7485 /* Reel_TalkApp.swift */ = {isa = PBXFileReference; lastKnownFileType = sourcecode.swift; path = Reel_TalkApp.swift; sourceTree = "<group>"; };
		952E457B2BDD842400EA7485 /* ContentView.swift */ = {isa = PBXFileReference; lastKnownFileType = sourcecode.swift; path = ContentView.swift; sourceTree = "<group>"; };
		952E457D2BDD842400EA7485 /* Item.swift */ = {isa = PBXFileReference; lastKnownFileType = sourcecode.swift; path = Item.swift; sourceTree = "<group>"; };
		952E457F2BDD842600EA7485 /* Assets.xcassets */ = {isa = PBXFileReference; lastKnownFileType = folder.assetcatalog; path = Assets.xcassets; sourceTree = "<group>"; };
		952E45822BDD842600EA7485 /* Preview Assets.xcassets */ = {isa = PBXFileReference; lastKnownFileType = folder.assetcatalog; path = "Preview Assets.xcassets"; sourceTree = "<group>"; };
		952E45942BDD84D700EA7485 /* ThemeFont.swift */ = {isa = PBXFileReference; lastKnownFileType = sourcecode.swift; path = ThemeFont.swift; sourceTree = "<group>"; };
		952E45962BDD84E000EA7485 /* ThemeColor.swift */ = {isa = PBXFileReference; lastKnownFileType = sourcecode.swift; path = ThemeColor.swift; sourceTree = "<group>"; };
		952E45982BDD877300EA7485 /* Color+Extension.swift */ = {isa = PBXFileReference; lastKnownFileType = sourcecode.swift; path = "Color+Extension.swift"; sourceTree = "<group>"; };
		952E459A2BDD8AAD00EA7485 /* Launch Screen.storyboard */ = {isa = PBXFileReference; lastKnownFileType = file.storyboard; path = "Launch Screen.storyboard"; sourceTree = "<group>"; };
		952E459D2BDE7B6A00EA7485 /* MovieTvCell.swift */ = {isa = PBXFileReference; lastKnownFileType = sourcecode.swift; path = MovieTvCell.swift; sourceTree = "<group>"; };
		952E45A62BDE90CE00EA7485 /* MoviesTVShowGridView.swift */ = {isa = PBXFileReference; lastKnownFileType = sourcecode.swift; path = MoviesTVShowGridView.swift; sourceTree = "<group>"; };
		952E45A92BDE93BE00EA7485 /* MoviesViewModel.swift */ = {isa = PBXFileReference; lastKnownFileType = sourcecode.swift; path = MoviesViewModel.swift; sourceTree = "<group>"; };
		952E45AD2BDE9FD600EA7485 /* WelcomeViewCell.swift */ = {isa = PBXFileReference; lastKnownFileType = sourcecode.swift; path = WelcomeViewCell.swift; sourceTree = "<group>"; };
		952E45AF2BDEA18900EA7485 /* OnboardingView.swift */ = {isa = PBXFileReference; lastKnownFileType = sourcecode.swift; path = OnboardingView.swift; sourceTree = "<group>"; };
		952E45B22BDEA26700EA7485 /* WelcomeModel.swift */ = {isa = PBXFileReference; lastKnownFileType = sourcecode.swift; path = WelcomeModel.swift; sourceTree = "<group>"; };
		952E45B82BDEA96100EA7485 /* ProgressView.swift */ = {isa = PBXFileReference; lastKnownFileType = sourcecode.swift; path = ProgressView.swift; sourceTree = "<group>"; };
		952E45BA2BDEA9C100EA7485 /* ProgressViewModel.swift */ = {isa = PBXFileReference; lastKnownFileType = sourcecode.swift; path = ProgressViewModel.swift; sourceTree = "<group>"; };
		952E45BE2BDEAAFA00EA7485 /* GenreGrid.swift */ = {isa = PBXFileReference; lastKnownFileType = sourcecode.swift; path = GenreGrid.swift; sourceTree = "<group>"; };
		952E45C02BDEABE500EA7485 /* GenreView.swift */ = {isa = PBXFileReference; lastKnownFileType = sourcecode.swift; path = GenreView.swift; sourceTree = "<group>"; };
		952E45C22BDEAC2100EA7485 /* GenreSelectionViewModel.swift */ = {isa = PBXFileReference; lastKnownFileType = sourcecode.swift; path = GenreSelectionViewModel.swift; sourceTree = "<group>"; };
		952E45C42BDFE16100EA7485 /* MovieSelection.swift */ = {isa = PBXFileReference; lastKnownFileType = sourcecode.swift; path = MovieSelection.swift; sourceTree = "<group>"; };
		952E45C72BDFE23E00EA7485 /* TVSelection.swift */ = {isa = PBXFileReference; lastKnownFileType = sourcecode.swift; path = TVSelection.swift; sourceTree = "<group>"; };
		952E45CA2BDFF30500EA7485 /* CustomBackButton.swift */ = {isa = PBXFileReference; lastKnownFileType = sourcecode.swift; path = CustomBackButton.swift; sourceTree = "<group>"; };
		952E45D02BDFF81000EA7485 /* GuidelineAgreementView.swift */ = {isa = PBXFileReference; lastKnownFileType = sourcecode.swift; path = GuidelineAgreementView.swift; sourceTree = "<group>"; };
		952E45D42BE0523D00EA7485 /* MovieDTO.swift */ = {isa = PBXFileReference; lastKnownFileType = sourcecode.swift; path = MovieDTO.swift; sourceTree = "<group>"; };
		952E45D92BE05A4200EA7485 /* HTTPClientType.swift */ = {isa = PBXFileReference; lastKnownFileType = sourcecode.swift; path = HTTPClientType.swift; sourceTree = "<group>"; };
		952E45DB2BE05A9000EA7485 /* HTTPClient.swift */ = {isa = PBXFileReference; lastKnownFileType = sourcecode.swift; path = HTTPClient.swift; sourceTree = "<group>"; };
		952E45DE2BE05B9400EA7485 /* HTTPClientError.swift */ = {isa = PBXFileReference; lastKnownFileType = sourcecode.swift; path = HTTPClientError.swift; sourceTree = "<group>"; };
		952E45E12BE05DA500EA7485 /* Movie.swift */ = {isa = PBXFileReference; lastKnownFileType = sourcecode.swift; path = Movie.swift; sourceTree = "<group>"; };
		952E45E62BE0647400EA7485 /* MovieDataSourceType.swift */ = {isa = PBXFileReference; lastKnownFileType = sourcecode.swift; path = MovieDataSourceType.swift; sourceTree = "<group>"; };
		952E45E82BE0649A00EA7485 /* MovieDataSource.swift */ = {isa = PBXFileReference; lastKnownFileType = sourcecode.swift; path = MovieDataSource.swift; sourceTree = "<group>"; };
		952E45EE2BE0976D00EA7485 /* SelectedItems.swift */ = {isa = PBXFileReference; lastKnownFileType = sourcecode.swift; path = SelectedItems.swift; sourceTree = "<group>"; };
		952E45F02BE127C800EA7485 /* TVViewModel.swift */ = {isa = PBXFileReference; lastKnownFileType = sourcecode.swift; path = TVViewModel.swift; sourceTree = "<group>"; };
		952E45F42BE12EA900EA7485 /* SelectedItemsViewModel.swift */ = {isa = PBXFileReference; lastKnownFileType = sourcecode.swift; path = SelectedItemsViewModel.swift; sourceTree = "<group>"; };
		952E45F62BE15AEF00EA7485 /* Movie+Extension.swift */ = {isa = PBXFileReference; lastKnownFileType = sourcecode.swift; path = "Movie+Extension.swift"; sourceTree = "<group>"; };
/* End PBXFileReference section */

/* Begin PBXFrameworksBuildPhase section */
		952E45732BDD842400EA7485 /* Frameworks */ = {
			isa = PBXFrameworksBuildPhase;
			buildActionMask = 2147483647;
			files = (
				952E45EC2BE0805700EA7485 /* Kingfisher in Frameworks */,
			);
			runOnlyForDeploymentPostprocessing = 0;
		};
/* End PBXFrameworksBuildPhase section */

/* Begin PBXGroup section */
		952E456D2BDD842400EA7485 = {
			isa = PBXGroup;
			children = (
				952E45782BDD842400EA7485 /* Reel Talk */,
				952E45772BDD842400EA7485 /* Products */,
			);
			sourceTree = "<group>";
		};
		952E45772BDD842400EA7485 /* Products */ = {
			isa = PBXGroup;
			children = (
				952E45762BDD842400EA7485 /* Reel Talk.app */,
			);
			name = Products;
			sourceTree = "<group>";
		};
		952E45782BDD842400EA7485 /* Reel Talk */ = {
			isa = PBXGroup;
			children = (
				952E458C2BDD847300EA7485 /* Core */,
				952E458B2BDD846D00EA7485 /* Config */,
				952E458A2BDD846200EA7485 /* Extensions */,
				952E45892BDD844A00EA7485 /* App */,
				952E45C92BDFF25400EA7485 /* Utils */,
				952E457B2BDD842400EA7485 /* ContentView.swift */,
				952E457D2BDD842400EA7485 /* Item.swift */,
				952E457F2BDD842600EA7485 /* Assets.xcassets */,
				952E45812BDD842600EA7485 /* Preview Content */,
				952E459A2BDD8AAD00EA7485 /* Launch Screen.storyboard */,
			);
			path = "Reel Talk";
			sourceTree = "<group>";
		};
		952E45812BDD842600EA7485 /* Preview Content */ = {
			isa = PBXGroup;
			children = (
				952E45822BDD842600EA7485 /* Preview Assets.xcassets */,
			);
			path = "Preview Content";
			sourceTree = "<group>";
		};
		952E45892BDD844A00EA7485 /* App */ = {
			isa = PBXGroup;
			children = (
				952E45792BDD842400EA7485 /* Reel_TalkApp.swift */,
			);
			path = App;
			sourceTree = "<group>";
		};
		952E458A2BDD846200EA7485 /* Extensions */ = {
			isa = PBXGroup;
			children = (
				952E45982BDD877300EA7485 /* Color+Extension.swift */,
				952E45F62BE15AEF00EA7485 /* Movie+Extension.swift */,
			);
			path = Extensions;
			sourceTree = "<group>";
		};
		952E458B2BDD846D00EA7485 /* Config */ = {
			isa = PBXGroup;
			children = (
				952E45942BDD84D700EA7485 /* ThemeFont.swift */,
				952E45962BDD84E000EA7485 /* ThemeColor.swift */,
			);
			path = Config;
			sourceTree = "<group>";
		};
		952E458C2BDD847300EA7485 /* Core */ = {
			isa = PBXGroup;
			children = (
				952E45ED2BE0974900EA7485 /* SelectedItems */,
				952E45E02BE05D3500EA7485 /* Model */,
				952E45D22BE051A300EA7485 /* Service */,
				952E45B52BDEA92B00EA7485 /* Progress View */,
				952E458D2BDD847C00EA7485 /* Welcome */,
				952E458E2BDD848100EA7485 /* SingUp */,
				952E458F2BDD848D00EA7485 /* Genre */,
				952E459C2BDE7B3100EA7485 /* Top5Movies */,
				952E45CF2BDFF78B00EA7485 /* Guideline Agreement */,
				952E45C62BDFE1DC00EA7485 /* Top5Series */,
			);
			path = Core;
			sourceTree = "<group>";
		};
		952E458D2BDD847C00EA7485 /* Welcome */ = {
			isa = PBXGroup;
			children = (
				952E45B12BDEA20200EA7485 /* Model */,
				952E45902BDD849C00EA7485 /* Views */,
			);
			path = Welcome;
			sourceTree = "<group>";
		};
		952E458E2BDD848100EA7485 /* SingUp */ = {
			isa = PBXGroup;
			children = (
			);
			path = SingUp;
			sourceTree = "<group>";
		};
		952E458F2BDD848D00EA7485 /* Genre */ = {
			isa = PBXGroup;
			children = (
				952E45932BDD84BA00EA7485 /* ViewModel */,
				952E45922BDD84B500EA7485 /* View */,
				952E45912BDD84AF00EA7485 /* Model */,
			);
			path = Genre;
			sourceTree = "<group>";
		};
		952E45902BDD849C00EA7485 /* Views */ = {
			isa = PBXGroup;
			children = (
				952E45AD2BDE9FD600EA7485 /* WelcomeViewCell.swift */,
				952E45AF2BDEA18900EA7485 /* OnboardingView.swift */,
			);
			path = Views;
			sourceTree = "<group>";
		};
		952E45912BDD84AF00EA7485 /* Model */ = {
			isa = PBXGroup;
			children = (
			);
			path = Model;
			sourceTree = "<group>";
		};
		952E45922BDD84B500EA7485 /* View */ = {
			isa = PBXGroup;
			children = (
				952E45C02BDEABE500EA7485 /* GenreView.swift */,
				952E45BE2BDEAAFA00EA7485 /* GenreGrid.swift */,
			);
			path = View;
			sourceTree = "<group>";
		};
		952E45932BDD84BA00EA7485 /* ViewModel */ = {
			isa = PBXGroup;
			children = (
				952E45C22BDEAC2100EA7485 /* GenreSelectionViewModel.swift */,
			);
			path = ViewModel;
			sourceTree = "<group>";
		};
		952E459C2BDE7B3100EA7485 /* Top5Movies */ = {
			isa = PBXGroup;
			children = (
				952E45A82BDE93A200EA7485 /* ViewModel */,
				952E45A12BDE8F4C00EA7485 /* View */,
			);
			path = Top5Movies;
			sourceTree = "<group>";
		};
		952E45A12BDE8F4C00EA7485 /* View */ = {
			isa = PBXGroup;
			children = (
				952E45C42BDFE16100EA7485 /* MovieSelection.swift */,
				952E45A62BDE90CE00EA7485 /* MoviesTVShowGridView.swift */,
				952E459D2BDE7B6A00EA7485 /* MovieTvCell.swift */,
			);
			path = View;
			sourceTree = "<group>";
		};
		952E45A82BDE93A200EA7485 /* ViewModel */ = {
			isa = PBXGroup;
			children = (
				952E45A92BDE93BE00EA7485 /* MoviesViewModel.swift */,
			);
			path = ViewModel;
			sourceTree = "<group>";
		};
		952E45B12BDEA20200EA7485 /* Model */ = {
			isa = PBXGroup;
			children = (
				952E45B22BDEA26700EA7485 /* WelcomeModel.swift */,
			);
			path = Model;
			sourceTree = "<group>";
		};
		952E45B52BDEA92B00EA7485 /* Progress View */ = {
			isa = PBXGroup;
			children = (
				952E45B72BDEA94300EA7485 /* ViewModel */,
				952E45B62BDEA93A00EA7485 /* View */,
			);
			path = "Progress View";
			sourceTree = "<group>";
		};
		952E45B62BDEA93A00EA7485 /* View */ = {
			isa = PBXGroup;
			children = (
				952E45B82BDEA96100EA7485 /* ProgressView.swift */,
			);
			path = View;
			sourceTree = "<group>";
		};
		952E45B72BDEA94300EA7485 /* ViewModel */ = {
			isa = PBXGroup;
			children = (
				952E45BA2BDEA9C100EA7485 /* ProgressViewModel.swift */,
			);
			path = ViewModel;
			sourceTree = "<group>";
		};
		952E45C62BDFE1DC00EA7485 /* Top5Series */ = {
			isa = PBXGroup;
			children = (
				952E45CE2BDFF5F200EA7485 /* ViewModel */,
				952E45CD2BDFF5E800EA7485 /* View */,
			);
			path = Top5Series;
			sourceTree = "<group>";
		};
		952E45C92BDFF25400EA7485 /* Utils */ = {
			isa = PBXGroup;
			children = (
				952E45CA2BDFF30500EA7485 /* CustomBackButton.swift */,
			);
			path = Utils;
			sourceTree = "<group>";
		};
		952E45CD2BDFF5E800EA7485 /* View */ = {
			isa = PBXGroup;
			children = (
				952E45C72BDFE23E00EA7485 /* TVSelection.swift */,
			);
			path = View;
			sourceTree = "<group>";
		};
		952E45CE2BDFF5F200EA7485 /* ViewModel */ = {
			isa = PBXGroup;
			children = (
				952E45F02BE127C800EA7485 /* TVViewModel.swift */,
			);
			path = ViewModel;
			sourceTree = "<group>";
		};
		952E45CF2BDFF78B00EA7485 /* Guideline Agreement */ = {
			isa = PBXGroup;
			children = (
				952E45D02BDFF81000EA7485 /* GuidelineAgreementView.swift */,
			);
			path = "Guideline Agreement";
			sourceTree = "<group>";
		};
		952E45D22BE051A300EA7485 /* Service */ = {
			isa = PBXGroup;
			children = (
				952E45DD2BE05B7100EA7485 /* HTTPClientError */,
				952E45D32BE051C500EA7485 /* ModelDTO */,
				952E45E32BE063F300EA7485 /* MovieDataSource */,
				952E45D62BE0599F00EA7485 /* HTTPClientService */,
			);
			path = Service;
			sourceTree = "<group>";
		};
		952E45D32BE051C500EA7485 /* ModelDTO */ = {
			isa = PBXGroup;
			children = (
				952E45D42BE0523D00EA7485 /* MovieDTO.swift */,
			);
			path = ModelDTO;
			sourceTree = "<group>";
		};
		952E45D62BE0599F00EA7485 /* HTTPClientService */ = {
			isa = PBXGroup;
			children = (
				952E45D82BE059E600EA7485 /* Interface */,
				952E45D72BE059D200EA7485 /* Implementation */,
			);
			path = HTTPClientService;
			sourceTree = "<group>";
		};
		952E45D72BE059D200EA7485 /* Implementation */ = {
			isa = PBXGroup;
			children = (
				952E45DB2BE05A9000EA7485 /* HTTPClient.swift */,
			);
			path = Implementation;
			sourceTree = "<group>";
		};
		952E45D82BE059E600EA7485 /* Interface */ = {
			isa = PBXGroup;
			children = (
				952E45D92BE05A4200EA7485 /* HTTPClientType.swift */,
			);
			path = Interface;
			sourceTree = "<group>";
		};
		952E45DD2BE05B7100EA7485 /* HTTPClientError */ = {
			isa = PBXGroup;
			children = (
				952E45DE2BE05B9400EA7485 /* HTTPClientError.swift */,
			);
			path = HTTPClientError;
			sourceTree = "<group>";
		};
		952E45E02BE05D3500EA7485 /* Model */ = {
			isa = PBXGroup;
			children = (
				952E45E12BE05DA500EA7485 /* Movie.swift */,
			);
			path = Model;
			sourceTree = "<group>";
		};
		952E45E32BE063F300EA7485 /* MovieDataSource */ = {
			isa = PBXGroup;
			children = (
				952E45E52BE0642900EA7485 /* Interface */,
				952E45E42BE0642400EA7485 /* Implementation */,
			);
			path = MovieDataSource;
			sourceTree = "<group>";
		};
		952E45E42BE0642400EA7485 /* Implementation */ = {
			isa = PBXGroup;
			children = (
				952E45E82BE0649A00EA7485 /* MovieDataSource.swift */,
			);
			path = Implementation;
			sourceTree = "<group>";
		};
		952E45E52BE0642900EA7485 /* Interface */ = {
			isa = PBXGroup;
			children = (
				952E45E62BE0647400EA7485 /* MovieDataSourceType.swift */,
			);
			path = Interface;
			sourceTree = "<group>";
		};
		952E45ED2BE0974900EA7485 /* SelectedItems */ = {
			isa = PBXGroup;
			children = (
				952E45F32BE12E8300EA7485 /* ViewModel */,
				952E45F22BE12E7A00EA7485 /* View */,
				952E45EE2BE0976D00EA7485 /* SelectedItems.swift */,
			);
			path = SelectedItems;
			sourceTree = "<group>";
		};
		952E45F22BE12E7A00EA7485 /* View */ = {
			isa = PBXGroup;
			children = (
			);
			path = View;
			sourceTree = "<group>";
		};
		952E45F32BE12E8300EA7485 /* ViewModel */ = {
			isa = PBXGroup;
			children = (
				952E45F42BE12EA900EA7485 /* SelectedItemsViewModel.swift */,
			);
			path = ViewModel;
			sourceTree = "<group>";
		};
/* End PBXGroup section */

/* Begin PBXNativeTarget section */
		952E45752BDD842400EA7485 /* Reel Talk */ = {
			isa = PBXNativeTarget;
			buildConfigurationList = 952E45862BDD842600EA7485 /* Build configuration list for PBXNativeTarget "Reel Talk" */;
			buildPhases = (
				952E45722BDD842400EA7485 /* Sources */,
				952E45732BDD842400EA7485 /* Frameworks */,
				952E45742BDD842400EA7485 /* Resources */,
			);
			buildRules = (
			);
			dependencies = (
			);
			name = "Reel Talk";
			packageProductDependencies = (
				952E45EB2BE0805700EA7485 /* Kingfisher */,
			);
			productName = "Reel Talk";
			productReference = 952E45762BDD842400EA7485 /* Reel Talk.app */;
			productType = "com.apple.product-type.application";
		};
/* End PBXNativeTarget section */

/* Begin PBXProject section */
		952E456E2BDD842400EA7485 /* Project object */ = {
			isa = PBXProject;
			attributes = {
				BuildIndependentTargetsInParallel = 1;
				LastSwiftUpdateCheck = 1530;
				LastUpgradeCheck = 1530;
				TargetAttributes = {
					952E45752BDD842400EA7485 = {
						CreatedOnToolsVersion = 15.3;
					};
				};
			};
			buildConfigurationList = 952E45712BDD842400EA7485 /* Build configuration list for PBXProject "Reel Talk" */;
			compatibilityVersion = "Xcode 14.0";
			developmentRegion = en;
			hasScannedForEncodings = 0;
			knownRegions = (
				en,
				Base,
			);
			mainGroup = 952E456D2BDD842400EA7485;
			packageReferences = (
				952E45EA2BE0805700EA7485 /* XCRemoteSwiftPackageReference "Kingfisher" */,
			);
			productRefGroup = 952E45772BDD842400EA7485 /* Products */;
			projectDirPath = "";
			projectRoot = "";
			targets = (
				952E45752BDD842400EA7485 /* Reel Talk */,
			);
		};
/* End PBXProject section */

/* Begin PBXResourcesBuildPhase section */
		952E45742BDD842400EA7485 /* Resources */ = {
			isa = PBXResourcesBuildPhase;
			buildActionMask = 2147483647;
			files = (
				952E459B2BDD8AAD00EA7485 /* Launch Screen.storyboard in Resources */,
				952E45832BDD842600EA7485 /* Preview Assets.xcassets in Resources */,
				952E45802BDD842600EA7485 /* Assets.xcassets in Resources */,
			);
			runOnlyForDeploymentPostprocessing = 0;
		};
/* End PBXResourcesBuildPhase section */

/* Begin PBXSourcesBuildPhase section */
		952E45722BDD842400EA7485 /* Sources */ = {
			isa = PBXSourcesBuildPhase;
			buildActionMask = 2147483647;
			files = (
				952E45F12BE127C900EA7485 /* TVViewModel.swift in Sources */,
				952E45C12BDEABE500EA7485 /* GenreView.swift in Sources */,
				952E45AE2BDE9FD600EA7485 /* WelcomeViewCell.swift in Sources */,
				952E45DC2BE05A9000EA7485 /* HTTPClient.swift in Sources */,
				952E45EF2BE0976D00EA7485 /* SelectedItems.swift in Sources */,
				952E45952BDD84D700EA7485 /* ThemeFont.swift in Sources */,
				952E45B92BDEA96100EA7485 /* ProgressView.swift in Sources */,
				952E45BB2BDEA9C100EA7485 /* ProgressViewModel.swift in Sources */,
				952E45D12BDFF81000EA7485 /* GuidelineAgreementView.swift in Sources */,
				952E45A72BDE90CE00EA7485 /* MoviesTVShowGridView.swift in Sources */,
				952E45DF2BE05B9400EA7485 /* HTTPClientError.swift in Sources */,
				952E45B32BDEA26700EA7485 /* WelcomeModel.swift in Sources */,
				952E45BF2BDEAAFA00EA7485 /* GenreGrid.swift in Sources */,
				952E45CB2BDFF30500EA7485 /* CustomBackButton.swift in Sources */,
				952E45C52BDFE16100EA7485 /* MovieSelection.swift in Sources */,
				952E45E22BE05DA500EA7485 /* Movie.swift in Sources */,
				952E45AA2BDE93BE00EA7485 /* MoviesViewModel.swift in Sources */,
				952E459E2BDE7B6A00EA7485 /* MovieTvCell.swift in Sources */,
				952E45C32BDEAC2100EA7485 /* GenreSelectionViewModel.swift in Sources */,
				952E45992BDD877400EA7485 /* Color+Extension.swift in Sources */,
				952E45D52BE0523E00EA7485 /* MovieDTO.swift in Sources */,
				952E457C2BDD842400EA7485 /* ContentView.swift in Sources */,
				952E457E2BDD842400EA7485 /* Item.swift in Sources */,
				952E45E72BE0647500EA7485 /* MovieDataSourceType.swift in Sources */,
				952E45F72BE15AF000EA7485 /* Movie+Extension.swift in Sources */,
				952E457A2BDD842400EA7485 /* Reel_TalkApp.swift in Sources */,
				952E45C82BDFE23E00EA7485 /* TVSelection.swift in Sources */,
				952E45E92BE0649A00EA7485 /* MovieDataSource.swift in Sources */,
				952E45DA2BE05A4300EA7485 /* HTTPClientType.swift in Sources */,
				952E45972BDD84E000EA7485 /* ThemeColor.swift in Sources */,
				952E45F52BE12EAA00EA7485 /* SelectedItemsViewModel.swift in Sources */,
				952E45B02BDEA18900EA7485 /* OnboardingView.swift in Sources */,
			);
			runOnlyForDeploymentPostprocessing = 0;
		};
/* End PBXSourcesBuildPhase section */

/* Begin XCBuildConfiguration section */
		952E45842BDD842600EA7485 /* Debug */ = {
			isa = XCBuildConfiguration;
			buildSettings = {
				ALWAYS_SEARCH_USER_PATHS = NO;
				ASSETCATALOG_COMPILER_GENERATE_SWIFT_ASSET_SYMBOL_EXTENSIONS = YES;
				CLANG_ANALYZER_NONNULL = YES;
				CLANG_ANALYZER_NUMBER_OBJECT_CONVERSION = YES_AGGRESSIVE;
				CLANG_CXX_LANGUAGE_STANDARD = "gnu++20";
				CLANG_ENABLE_MODULES = YES;
				CLANG_ENABLE_OBJC_ARC = YES;
				CLANG_ENABLE_OBJC_WEAK = YES;
				CLANG_WARN_BLOCK_CAPTURE_AUTORELEASING = YES;
				CLANG_WARN_BOOL_CONVERSION = YES;
				CLANG_WARN_COMMA = YES;
				CLANG_WARN_CONSTANT_CONVERSION = YES;
				CLANG_WARN_DEPRECATED_OBJC_IMPLEMENTATIONS = YES;
				CLANG_WARN_DIRECT_OBJC_ISA_USAGE = YES_ERROR;
				CLANG_WARN_DOCUMENTATION_COMMENTS = YES;
				CLANG_WARN_EMPTY_BODY = YES;
				CLANG_WARN_ENUM_CONVERSION = YES;
				CLANG_WARN_INFINITE_RECURSION = YES;
				CLANG_WARN_INT_CONVERSION = YES;
				CLANG_WARN_NON_LITERAL_NULL_CONVERSION = YES;
				CLANG_WARN_OBJC_IMPLICIT_RETAIN_SELF = YES;
				CLANG_WARN_OBJC_LITERAL_CONVERSION = YES;
				CLANG_WARN_OBJC_ROOT_CLASS = YES_ERROR;
				CLANG_WARN_QUOTED_INCLUDE_IN_FRAMEWORK_HEADER = YES;
				CLANG_WARN_RANGE_LOOP_ANALYSIS = YES;
				CLANG_WARN_STRICT_PROTOTYPES = YES;
				CLANG_WARN_SUSPICIOUS_MOVE = YES;
				CLANG_WARN_UNGUARDED_AVAILABILITY = YES_AGGRESSIVE;
				CLANG_WARN_UNREACHABLE_CODE = YES;
				CLANG_WARN__DUPLICATE_METHOD_MATCH = YES;
				COPY_PHASE_STRIP = NO;
				DEBUG_INFORMATION_FORMAT = dwarf;
				ENABLE_STRICT_OBJC_MSGSEND = YES;
				ENABLE_TESTABILITY = YES;
				ENABLE_USER_SCRIPT_SANDBOXING = YES;
				GCC_C_LANGUAGE_STANDARD = gnu17;
				GCC_DYNAMIC_NO_PIC = NO;
				GCC_NO_COMMON_BLOCKS = YES;
				GCC_OPTIMIZATION_LEVEL = 0;
				GCC_PREPROCESSOR_DEFINITIONS = (
					"DEBUG=1",
					"$(inherited)",
				);
				GCC_WARN_64_TO_32_BIT_CONVERSION = YES;
				GCC_WARN_ABOUT_RETURN_TYPE = YES_ERROR;
				GCC_WARN_UNDECLARED_SELECTOR = YES;
				GCC_WARN_UNINITIALIZED_AUTOS = YES_AGGRESSIVE;
				GCC_WARN_UNUSED_FUNCTION = YES;
				GCC_WARN_UNUSED_VARIABLE = YES;
				IPHONEOS_DEPLOYMENT_TARGET = 17.4;
				LOCALIZATION_PREFERS_STRING_CATALOGS = YES;
				MTL_ENABLE_DEBUG_INFO = INCLUDE_SOURCE;
				MTL_FAST_MATH = YES;
				ONLY_ACTIVE_ARCH = YES;
				SDKROOT = iphoneos;
				SWIFT_ACTIVE_COMPILATION_CONDITIONS = "DEBUG $(inherited)";
				SWIFT_OPTIMIZATION_LEVEL = "-Onone";
			};
			name = Debug;
		};
		952E45852BDD842600EA7485 /* Release */ = {
			isa = XCBuildConfiguration;
			buildSettings = {
				ALWAYS_SEARCH_USER_PATHS = NO;
				ASSETCATALOG_COMPILER_GENERATE_SWIFT_ASSET_SYMBOL_EXTENSIONS = YES;
				CLANG_ANALYZER_NONNULL = YES;
				CLANG_ANALYZER_NUMBER_OBJECT_CONVERSION = YES_AGGRESSIVE;
				CLANG_CXX_LANGUAGE_STANDARD = "gnu++20";
				CLANG_ENABLE_MODULES = YES;
				CLANG_ENABLE_OBJC_ARC = YES;
				CLANG_ENABLE_OBJC_WEAK = YES;
				CLANG_WARN_BLOCK_CAPTURE_AUTORELEASING = YES;
				CLANG_WARN_BOOL_CONVERSION = YES;
				CLANG_WARN_COMMA = YES;
				CLANG_WARN_CONSTANT_CONVERSION = YES;
				CLANG_WARN_DEPRECATED_OBJC_IMPLEMENTATIONS = YES;
				CLANG_WARN_DIRECT_OBJC_ISA_USAGE = YES_ERROR;
				CLANG_WARN_DOCUMENTATION_COMMENTS = YES;
				CLANG_WARN_EMPTY_BODY = YES;
				CLANG_WARN_ENUM_CONVERSION = YES;
				CLANG_WARN_INFINITE_RECURSION = YES;
				CLANG_WARN_INT_CONVERSION = YES;
				CLANG_WARN_NON_LITERAL_NULL_CONVERSION = YES;
				CLANG_WARN_OBJC_IMPLICIT_RETAIN_SELF = YES;
				CLANG_WARN_OBJC_LITERAL_CONVERSION = YES;
				CLANG_WARN_OBJC_ROOT_CLASS = YES_ERROR;
				CLANG_WARN_QUOTED_INCLUDE_IN_FRAMEWORK_HEADER = YES;
				CLANG_WARN_RANGE_LOOP_ANALYSIS = YES;
				CLANG_WARN_STRICT_PROTOTYPES = YES;
				CLANG_WARN_SUSPICIOUS_MOVE = YES;
				CLANG_WARN_UNGUARDED_AVAILABILITY = YES_AGGRESSIVE;
				CLANG_WARN_UNREACHABLE_CODE = YES;
				CLANG_WARN__DUPLICATE_METHOD_MATCH = YES;
				COPY_PHASE_STRIP = NO;
				DEBUG_INFORMATION_FORMAT = "dwarf-with-dsym";
				ENABLE_NS_ASSERTIONS = NO;
				ENABLE_STRICT_OBJC_MSGSEND = YES;
				ENABLE_USER_SCRIPT_SANDBOXING = YES;
				GCC_C_LANGUAGE_STANDARD = gnu17;
				GCC_NO_COMMON_BLOCKS = YES;
				GCC_WARN_64_TO_32_BIT_CONVERSION = YES;
				GCC_WARN_ABOUT_RETURN_TYPE = YES_ERROR;
				GCC_WARN_UNDECLARED_SELECTOR = YES;
				GCC_WARN_UNINITIALIZED_AUTOS = YES_AGGRESSIVE;
				GCC_WARN_UNUSED_FUNCTION = YES;
				GCC_WARN_UNUSED_VARIABLE = YES;
				IPHONEOS_DEPLOYMENT_TARGET = 17.4;
				LOCALIZATION_PREFERS_STRING_CATALOGS = YES;
				MTL_ENABLE_DEBUG_INFO = NO;
				MTL_FAST_MATH = YES;
				SDKROOT = iphoneos;
				SWIFT_COMPILATION_MODE = wholemodule;
				VALIDATE_PRODUCT = YES;
			};
			name = Release;
		};
		952E45872BDD842600EA7485 /* Debug */ = {
			isa = XCBuildConfiguration;
			buildSettings = {
				ASSETCATALOG_COMPILER_APPICON_NAME = AppIcon;
				ASSETCATALOG_COMPILER_GLOBAL_ACCENT_COLOR_NAME = AccentColor;
				CODE_SIGN_STYLE = Automatic;
				CURRENT_PROJECT_VERSION = 1;
				DEVELOPMENT_ASSET_PATHS = "\"Reel Talk/Preview Content\"";
				DEVELOPMENT_TEAM = 5F93SMYAKP;
				ENABLE_PREVIEWS = YES;
				GENERATE_INFOPLIST_FILE = YES;
				INFOPLIST_KEY_UIApplicationSceneManifest_Generation = YES;
				INFOPLIST_KEY_UIApplicationSupportsIndirectInputEvents = YES;
				INFOPLIST_KEY_UILaunchScreen_Generation = YES;
				INFOPLIST_KEY_UILaunchStoryboardName = "Launch Screen.storyboard";
				INFOPLIST_KEY_UISupportedInterfaceOrientations_iPad = "UIInterfaceOrientationPortrait UIInterfaceOrientationPortraitUpsideDown UIInterfaceOrientationLandscapeLeft UIInterfaceOrientationLandscapeRight";
				INFOPLIST_KEY_UISupportedInterfaceOrientations_iPhone = "UIInterfaceOrientationPortrait UIInterfaceOrientationLandscapeLeft UIInterfaceOrientationLandscapeRight";
				LD_RUNPATH_SEARCH_PATHS = (
					"$(inherited)",
					"@executable_path/Frameworks",
				);
				MARKETING_VERSION = 1.0;
				PRODUCT_BUNDLE_IDENTIFIER = "com.yolimaPereira.Reel-Talk";
				PRODUCT_NAME = "$(TARGET_NAME)";
				SWIFT_EMIT_LOC_STRINGS = YES;
				SWIFT_VERSION = 5.0;
				TARGETED_DEVICE_FAMILY = "1,2";
			};
			name = Debug;
		};
		952E45882BDD842600EA7485 /* Release */ = {
			isa = XCBuildConfiguration;
			buildSettings = {
				ASSETCATALOG_COMPILER_APPICON_NAME = AppIcon;
				ASSETCATALOG_COMPILER_GLOBAL_ACCENT_COLOR_NAME = AccentColor;
				CODE_SIGN_STYLE = Automatic;
				CURRENT_PROJECT_VERSION = 1;
				DEVELOPMENT_ASSET_PATHS = "\"Reel Talk/Preview Content\"";
				DEVELOPMENT_TEAM = 5F93SMYAKP;
				ENABLE_PREVIEWS = YES;
				GENERATE_INFOPLIST_FILE = YES;
				INFOPLIST_KEY_UIApplicationSceneManifest_Generation = YES;
				INFOPLIST_KEY_UIApplicationSupportsIndirectInputEvents = YES;
				INFOPLIST_KEY_UILaunchScreen_Generation = YES;
				INFOPLIST_KEY_UILaunchStoryboardName = "Launch Screen.storyboard";
				INFOPLIST_KEY_UISupportedInterfaceOrientations_iPad = "UIInterfaceOrientationPortrait UIInterfaceOrientationPortraitUpsideDown UIInterfaceOrientationLandscapeLeft UIInterfaceOrientationLandscapeRight";
				INFOPLIST_KEY_UISupportedInterfaceOrientations_iPhone = "UIInterfaceOrientationPortrait UIInterfaceOrientationLandscapeLeft UIInterfaceOrientationLandscapeRight";
				LD_RUNPATH_SEARCH_PATHS = (
					"$(inherited)",
					"@executable_path/Frameworks",
				);
				MARKETING_VERSION = 1.0;
				PRODUCT_BUNDLE_IDENTIFIER = "com.yolimaPereira.Reel-Talk";
				PRODUCT_NAME = "$(TARGET_NAME)";
				SWIFT_EMIT_LOC_STRINGS = YES;
				SWIFT_VERSION = 5.0;
				TARGETED_DEVICE_FAMILY = "1,2";
			};
			name = Release;
		};
/* End XCBuildConfiguration section */

/* Begin XCConfigurationList section */
		952E45712BDD842400EA7485 /* Build configuration list for PBXProject "Reel Talk" */ = {
			isa = XCConfigurationList;
			buildConfigurations = (
				952E45842BDD842600EA7485 /* Debug */,
				952E45852BDD842600EA7485 /* Release */,
			);
			defaultConfigurationIsVisible = 0;
			defaultConfigurationName = Release;
		};
		952E45862BDD842600EA7485 /* Build configuration list for PBXNativeTarget "Reel Talk" */ = {
			isa = XCConfigurationList;
			buildConfigurations = (
				952E45872BDD842600EA7485 /* Debug */,
				952E45882BDD842600EA7485 /* Release */,
			);
			defaultConfigurationIsVisible = 0;
			defaultConfigurationName = Release;
		};
/* End XCConfigurationList section */

/* Begin XCRemoteSwiftPackageReference section */
		952E45EA2BE0805700EA7485 /* XCRemoteSwiftPackageReference "Kingfisher" */ = {
			isa = XCRemoteSwiftPackageReference;
			repositoryURL = "https://github.com/onevcat/Kingfisher";
			requirement = {
				kind = upToNextMajorVersion;
				minimumVersion = 7.11.0;
			};
		};
/* End XCRemoteSwiftPackageReference section */

/* Begin XCSwiftPackageProductDependency section */
		952E45EB2BE0805700EA7485 /* Kingfisher */ = {
			isa = XCSwiftPackageProductDependency;
			package = 952E45EA2BE0805700EA7485 /* XCRemoteSwiftPackageReference "Kingfisher" */;
			productName = Kingfisher;
		};
/* End XCSwiftPackageProductDependency section */
	};
	rootObject = 952E456E2BDD842400EA7485 /* Project object */;
}
